// !$*UTF8*$!
{
	archiveVersion = 1;
	classes = {
	};
	objectVersion = 56;
	objects = {

/* Begin PBXBuildFile section */
		0D1B334428DBCD8B0020EC5B /* testeApp.swift in Sources */ = {isa = PBXBuildFile; fileRef = 0D1B334328DBCD8B0020EC5B /* testeApp.swift */; };
		0D1B334628DBCD8B0020EC5B /* ContentView.swift in Sources */ = {isa = PBXBuildFile; fileRef = 0D1B334528DBCD8B0020EC5B /* ContentView.swift */; };
		0D1B334828DBCD8C0020EC5B /* Assets.xcassets in Resources */ = {isa = PBXBuildFile; fileRef = 0D1B334728DBCD8C0020EC5B /* Assets.xcassets */; };
		0D1B334C28DBCD8C0020EC5B /* Preview Assets.xcassets in Resources */ = {isa = PBXBuildFile; fileRef = 0D1B334B28DBCD8C0020EC5B /* Preview Assets.xcassets */; };
		0D1B335628DBCD8C0020EC5B /* testeTests.swift in Sources */ = {isa = PBXBuildFile; fileRef = 0D1B335528DBCD8C0020EC5B /* testeTests.swift */; };
		0D1B336028DBCD8C0020EC5B /* testeUITests.swift in Sources */ = {isa = PBXBuildFile; fileRef = 0D1B335F28DBCD8C0020EC5B /* testeUITests.swift */; };
		0D1B336228DBCD8C0020EC5B /* testeUITestsLaunchTests.swift in Sources */ = {isa = PBXBuildFile; fileRef = 0D1B336128DBCD8C0020EC5B /* testeUITestsLaunchTests.swift */; };
/* End PBXBuildFile section */

/* Begin PBXContainerItemProxy section */
		0D1B335228DBCD8C0020EC5B /* PBXContainerItemProxy */ = {
			isa = PBXContainerItemProxy;
			containerPortal = 0D1B333828DBCD8B0020EC5B /* Project object */;
			proxyType = 1;
			remoteGlobalIDString = 0D1B333F28DBCD8B0020EC5B;
			remoteInfo = teste;
		};
		0D1B335C28DBCD8C0020EC5B /* PBXContainerItemProxy */ = {
			isa = PBXContainerItemProxy;
			containerPortal = 0D1B333828DBCD8B0020EC5B /* Project object */;
			proxyType = 1;
			remoteGlobalIDString = 0D1B333F28DBCD8B0020EC5B;
			remoteInfo = teste;
		};
/* End PBXContainerItemProxy section */

/* Begin PBXFileReference section */
		0D1B334028DBCD8B0020EC5B /* teste.app */ = {isa = PBXFileReference; explicitFileType = wrapper.application; includeInIndex = 0; path = teste.app; sourceTree = BUILT_PRODUCTS_DIR; };
		0D1B334328DBCD8B0020EC5B /* testeApp.swift */ = {isa = PBXFileReference; lastKnownFileType = sourcecode.swift; path = testeApp.swift; sourceTree = "<group>"; };
		0D1B334528DBCD8B0020EC5B /* ContentView.swift */ = {isa = PBXFileReference; lastKnownFileType = sourcecode.swift; path = ContentView.swift; sourceTree = "<group>"; };
		0D1B334728DBCD8C0020EC5B /* Assets.xcassets */ = {isa = PBXFileReference; lastKnownFileType = folder.assetcatalog; path = Assets.xcassets; sourceTree = "<group>"; };
		0D1B334928DBCD8C0020EC5B /* teste.entitlements */ = {isa = PBXFileReference; lastKnownFileType = text.plist.entitlements; path = teste.entitlements; sourceTree = "<group>"; };
		0D1B334B28DBCD8C0020EC5B /* Preview Assets.xcassets */ = {isa = PBXFileReference; lastKnownFileType = folder.assetcatalog; path = "Preview Assets.xcassets"; sourceTree = "<group>"; };
		0D1B335128DBCD8C0020EC5B /* testeTests.xctest */ = {isa = PBXFileReference; explicitFileType = wrapper.cfbundle; includeInIndex = 0; path = testeTests.xctest; sourceTree = BUILT_PRODUCTS_DIR; };
		0D1B335528DBCD8C0020EC5B /* testeTests.swift */ = {isa = PBXFileReference; lastKnownFileType = sourcecode.swift; path = testeTests.swift; sourceTree = "<group>"; };
		0D1B335B28DBCD8C0020EC5B /* testeUITests.xctest */ = {isa = PBXFileReference; explicitFileType = wrapper.cfbundle; includeInIndex = 0; path = testeUITests.xctest; sourceTree = BUILT_PRODUCTS_DIR; };
		0D1B335F28DBCD8C0020EC5B /* testeUITests.swift */ = {isa = PBXFileReference; lastKnownFileType = sourcecode.swift; path = testeUITests.swift; sourceTree = "<group>"; };
		0D1B336128DBCD8C0020EC5B /* testeUITestsLaunchTests.swift */ = {isa = PBXFileReference; lastKnownFileType = sourcecode.swift; path = testeUITestsLaunchTests.swift; sourceTree = "<group>"; };
/* End PBXFileReference section */

/* Begin PBXFrameworksBuildPhase section */
		0D1B333D28DBCD8B0020EC5B /* Frameworks */ = {
			isa = PBXFrameworksBuildPhase;
			buildActionMask = 2147483647;
			files = (
			);
			runOnlyForDeploymentPostprocessing = 0;
		};
		0D1B334E28DBCD8C0020EC5B /* Frameworks */ = {
			isa = PBXFrameworksBuildPhase;
			buildActionMask = 2147483647;
			files = (
			);
			runOnlyForDeploymentPostprocessing = 0;
		};
		0D1B335828DBCD8C0020EC5B /* Frameworks */ = {
			isa = PBXFrameworksBuildPhase;
			buildActionMask = 2147483647;
			files = (
			);
			runOnlyForDeploymentPostprocessing = 0;
		};
/* End PBXFrameworksBuildPhase section */

/* Begin PBXGroup section */
		0D1B333728DBCD8B0020EC5B = {
			isa = PBXGroup;
			children = (
				0D1B334228DBCD8B0020EC5B /* teste */,
				0D1B335428DBCD8C0020EC5B /* testeTests */,
				0D1B335E28DBCD8C0020EC5B /* testeUITests */,
				0D1B334128DBCD8B0020EC5B /* Products */,
			);
			sourceTree = "<group>";
		};
		0D1B334128DBCD8B0020EC5B /* Products */ = {
			isa = PBXGroup;
			children = (
				0D1B334028DBCD8B0020EC5B /* teste.app */,
				0D1B335128DBCD8C0020EC5B /* testeTests.xctest */,
				0D1B335B28DBCD8C0020EC5B /* testeUITests.xctest */,
			);
			name = Products;
			sourceTree = "<group>";
		};
		0D1B334228DBCD8B0020EC5B /* teste */ = {
			isa = PBXGroup;
			children = (
				0D1B334328DBCD8B0020EC5B /* testeApp.swift */,
				0D1B334528DBCD8B0020EC5B /* ContentView.swift */,
				0D1B334728DBCD8C0020EC5B /* Assets.xcassets */,
				0D1B334928DBCD8C0020EC5B /* teste.entitlements */,
				0D1B334A28DBCD8C0020EC5B /* Preview Content */,
			);
			path = teste;
			sourceTree = "<group>";
		};
		0D1B334A28DBCD8C0020EC5B /* Preview Content */ = {
			isa = PBXGroup;
			children = (
				0D1B334B28DBCD8C0020EC5B /* Preview Assets.xcassets */,
			);
			path = "Preview Content";
			sourceTree = "<group>";
		};
		0D1B335428DBCD8C0020EC5B /* testeTests */ = {
			isa = PBXGroup;
			children = (
				0D1B335528DBCD8C0020EC5B /* testeTests.swift */,
			);
			path = testeTests;
			sourceTree = "<group>";
		};
		0D1B335E28DBCD8C0020EC5B /* testeUITests */ = {
			isa = PBXGroup;
			children = (
				0D1B335F28DBCD8C0020EC5B /* testeUITests.swift */,
				0D1B336128DBCD8C0020EC5B /* testeUITestsLaunchTests.swift */,
			);
			path = testeUITests;
			sourceTree = "<group>";
		};
/* End PBXGroup section */

/* Begin PBXNativeTarget section */
		0D1B333F28DBCD8B0020EC5B /* teste */ = {
			isa = PBXNativeTarget;
			buildConfigurationList = 0D1B336528DBCD8C0020EC5B /* Build configuration list for PBXNativeTarget "teste" */;
			buildPhases = (
				0D1B333C28DBCD8B0020EC5B /* Sources */,
				0D1B333D28DBCD8B0020EC5B /* Frameworks */,
				0D1B333E28DBCD8B0020EC5B /* Resources */,
			);
			buildRules = (
			);
			dependencies = (
			);
			name = teste;
			productName = teste;
			productReference = 0D1B334028DBCD8B0020EC5B /* teste.app */;
			productType = "com.apple.product-type.application";
		};
		0D1B335028DBCD8C0020EC5B /* testeTests */ = {
			isa = PBXNativeTarget;
			buildConfigurationList = 0D1B336828DBCD8C0020EC5B /* Build configuration list for PBXNativeTarget "testeTests" */;
			buildPhases = (
				0D1B334D28DBCD8C0020EC5B /* Sources */,
				0D1B334E28DBCD8C0020EC5B /* Frameworks */,
				0D1B334F28DBCD8C0020EC5B /* Resources */,
			);
			buildRules = (
			);
			dependencies = (
				0D1B335328DBCD8C0020EC5B /* PBXTargetDependency */,
			);
			name = testeTests;
			productName = testeTests;
			productReference = 0D1B335128DBCD8C0020EC5B /* testeTests.xctest */;
			productType = "com.apple.product-type.bundle.unit-test";
		};
		0D1B335A28DBCD8C0020EC5B /* testeUITests */ = {
			isa = PBXNativeTarget;
			buildConfigurationList = 0D1B336B28DBCD8C0020EC5B /* Build configuration list for PBXNativeTarget "testeUITests" */;
			buildPhases = (
				0D1B335728DBCD8C0020EC5B /* Sources */,
				0D1B335828DBCD8C0020EC5B /* Frameworks */,
				0D1B335928DBCD8C0020EC5B /* Resources */,
			);
			buildRules = (
			);
			dependencies = (
				0D1B335D28DBCD8C0020EC5B /* PBXTargetDependency */,
			);
			name = testeUITests;
			productName = testeUITests;
			productReference = 0D1B335B28DBCD8C0020EC5B /* testeUITests.xctest */;
			productType = "com.apple.product-type.bundle.ui-testing";
		};
/* End PBXNativeTarget section */

/* Begin PBXProject section */
		0D1B333828DBCD8B0020EC5B /* Project object */ = {
			isa = PBXProject;
			attributes = {
				BuildIndependentTargetsInParallel = 1;
				LastSwiftUpdateCheck = 1400;
				LastUpgradeCheck = 1400;
				TargetAttributes = {
					0D1B333F28DBCD8B0020EC5B = {
						CreatedOnToolsVersion = 14.0;
					};
					0D1B335028DBCD8C0020EC5B = {
						CreatedOnToolsVersion = 14.0;
						TestTargetID = 0D1B333F28DBCD8B0020EC5B;
					};
					0D1B335A28DBCD8C0020EC5B = {
						CreatedOnToolsVersion = 14.0;
						TestTargetID = 0D1B333F28DBCD8B0020EC5B;
					};
				};
			};
			buildConfigurationList = 0D1B333B28DBCD8B0020EC5B /* Build configuration list for PBXProject "teste" */;
			compatibilityVersion = "Xcode 14.0";
			developmentRegion = en;
			hasScannedForEncodings = 0;
			knownRegions = (
				en,
				Base,
			);
			mainGroup = 0D1B333728DBCD8B0020EC5B;
			productRefGroup = 0D1B334128DBCD8B0020EC5B /* Products */;
			projectDirPath = "";
			projectRoot = "";
			targets = (
				0D1B333F28DBCD8B0020EC5B /* teste */,
				0D1B335028DBCD8C0020EC5B /* testeTests */,
				0D1B335A28DBCD8C0020EC5B /* testeUITests */,
			);
		};
/* End PBXProject section */

/* Begin PBXResourcesBuildPhase section */
		0D1B333E28DBCD8B0020EC5B /* Resources */ = {
			isa = PBXResourcesBuildPhase;
			buildActionMask = 2147483647;
			files = (
				0D1B334C28DBCD8C0020EC5B /* Preview Assets.xcassets in Resources */,
				0D1B334828DBCD8C0020EC5B /* Assets.xcassets in Resources */,
			);
			runOnlyForDeploymentPostprocessing = 0;
		};
		0D1B334F28DBCD8C0020EC5B /* Resources */ = {
			isa = PBXResourcesBuildPhase;
			buildActionMask = 2147483647;
			files = (
			);
			runOnlyForDeploymentPostprocessing = 0;
		};
		0D1B335928DBCD8C0020EC5B /* Resources */ = {
			isa = PBXResourcesBuildPhase;
			buildActionMask = 2147483647;
			files = (
			);
			runOnlyForDeploymentPostprocessing = 0;
		};
/* End PBXResourcesBuildPhase section */

/* Begin PBXSourcesBuildPhase section */
		0D1B333C28DBCD8B0020EC5B /* Sources */ = {
			isa = PBXSourcesBuildPhase;
			buildActionMask = 2147483647;
			files = (
				0D1B334628DBCD8B0020EC5B /* ContentView.swift in Sources */,
				0D1B334428DBCD8B0020EC5B /* testeApp.swift in Sources */,
			);
			runOnlyForDeploymentPostprocessing = 0;
		};
		0D1B334D28DBCD8C0020EC5B /* Sources */ = {
			isa = PBXSourcesBuildPhase;
			buildActionMask = 2147483647;
			files = (
				0D1B335628DBCD8C0020EC5B /* testeTests.swift in Sources */,
			);
			runOnlyForDeploymentPostprocessing = 0;
		};
		0D1B335728DBCD8C0020EC5B /* Sources */ = {
			isa = PBXSourcesBuildPhase;
			buildActionMask = 2147483647;
			files = (
				0D1B336228DBCD8C0020EC5B /* testeUITestsLaunchTests.swift in Sources */,
				0D1B336028DBCD8C0020EC5B /* testeUITests.swift in Sources */,
			);
			runOnlyForDeploymentPostprocessing = 0;
		};
/* End PBXSourcesBuildPhase section */

/* Begin PBXTargetDependency section */
		0D1B335328DBCD8C0020EC5B /* PBXTargetDependency */ = {
			isa = PBXTargetDependency;
			target = 0D1B333F28DBCD8B0020EC5B /* teste */;
			targetProxy = 0D1B335228DBCD8C0020EC5B /* PBXContainerItemProxy */;
		};
		0D1B335D28DBCD8C0020EC5B /* PBXTargetDependency */ = {
			isa = PBXTargetDependency;
			target = 0D1B333F28DBCD8B0020EC5B /* teste */;
			targetProxy = 0D1B335C28DBCD8C0020EC5B /* PBXContainerItemProxy */;
		};
/* End PBXTargetDependency section */

/* Begin XCBuildConfiguration section */
		0D1B336328DBCD8C0020EC5B /* Debug */ = {
			isa = XCBuildConfiguration;
			buildSettings = {
				ALWAYS_SEARCH_USER_PATHS = NO;
				CLANG_ANALYZER_NONNULL = YES;
				CLANG_ANALYZER_NUMBER_OBJECT_CONVERSION = YES_AGGRESSIVE;
				CLANG_CXX_LANGUAGE_STANDARD = "gnu++20";
				CLANG_ENABLE_MODULES = YES;
				CLANG_ENABLE_OBJC_ARC = YES;
				CLANG_ENABLE_OBJC_WEAK = YES;
				CLANG_WARN_BLOCK_CAPTURE_AUTORELEASING = YES;
				CLANG_WARN_BOOL_CONVERSION = YES;
				CLANG_WARN_COMMA = YES;
				CLANG_WARN_CONSTANT_CONVERSION = YES;
				CLANG_WARN_DEPRECATED_OBJC_IMPLEMENTATIONS = YES;
				CLANG_WARN_DIRECT_OBJC_ISA_USAGE = YES_ERROR;
				CLANG_WARN_DOCUMENTATION_COMMENTS = YES;
				CLANG_WARN_EMPTY_BODY = YES;
				CLANG_WARN_ENUM_CONVERSION = YES;
				CLANG_WARN_INFINITE_RECURSION = YES;
				CLANG_WARN_INT_CONVERSION = YES;
				CLANG_WARN_NON_LITERAL_NULL_CONVERSION = YES;
				CLANG_WARN_OBJC_IMPLICIT_RETAIN_SELF = YES;
				CLANG_WARN_OBJC_LITERAL_CONVERSION = YES;
				CLANG_WARN_OBJC_ROOT_CLASS = YES_ERROR;
				CLANG_WARN_QUOTED_INCLUDE_IN_FRAMEWORK_HEADER = YES;
				CLANG_WARN_RANGE_LOOP_ANALYSIS = YES;
				CLANG_WARN_STRICT_PROTOTYPES = YES;
				CLANG_WARN_SUSPICIOUS_MOVE = YES;
				CLANG_WARN_UNGUARDED_AVAILABILITY = YES_AGGRESSIVE;
				CLANG_WARN_UNREACHABLE_CODE = YES;
				CLANG_WARN__DUPLICATE_METHOD_MATCH = YES;
				COPY_PHASE_STRIP = NO;
				DEBUG_INFORMATION_FORMAT = dwarf;
				ENABLE_STRICT_OBJC_MSGSEND = YES;
				ENABLE_TESTABILITY = YES;
				GCC_C_LANGUAGE_STANDARD = gnu11;
				GCC_DYNAMIC_NO_PIC = NO;
				GCC_NO_COMMON_BLOCKS = YES;
				GCC_OPTIMIZATION_LEVEL = 0;
				GCC_PREPROCESSOR_DEFINITIONS = (
					"DEBUG=1",
					"$(inherited)",
				);
				GCC_WARN_64_TO_32_BIT_CONVERSION = YES;
				GCC_WARN_ABOUT_RETURN_TYPE = YES_ERROR;
				GCC_WARN_UNDECLARED_SELECTOR = YES;
				GCC_WARN_UNINITIALIZED_AUTOS = YES_AGGRESSIVE;
				GCC_WARN_UNUSED_FUNCTION = YES;
				GCC_WARN_UNUSED_VARIABLE = YES;
				MTL_ENABLE_DEBUG_INFO = INCLUDE_SOURCE;
				MTL_FAST_MATH = YES;
				ONLY_ACTIVE_ARCH = YES;
				SWIFT_ACTIVE_COMPILATION_CONDITIONS = DEBUG;
				SWIFT_OPTIMIZATION_LEVEL = "-Onone";
			};
			name = Debug;
		};
		0D1B336428DBCD8C0020EC5B /* Release */ = {
			isa = XCBuildConfiguration;
			buildSettings = {
				ALWAYS_SEARCH_USER_PATHS = NO;
				CLANG_ANALYZER_NONNULL = YES;
				CLANG_ANALYZER_NUMBER_OBJECT_CONVERSION = YES_AGGRESSIVE;
				CLANG_CXX_LANGUAGE_STANDARD = "gnu++20";
				CLANG_ENABLE_MODULES = YES;
				CLANG_ENABLE_OBJC_ARC = YES;
				CLANG_ENABLE_OBJC_WEAK = YES;
				CLANG_WARN_BLOCK_CAPTURE_AUTORELEASING = YES;
				CLANG_WARN_BOOL_CONVERSION = YES;
				CLANG_WARN_COMMA = YES;
				CLANG_WARN_CONSTANT_CONVERSION = YES;
				CLANG_WARN_DEPRECATED_OBJC_IMPLEMENTATIONS = YES;
				CLANG_WARN_DIRECT_OBJC_ISA_USAGE = YES_ERROR;
				CLANG_WARN_DOCUMENTATION_COMMENTS = YES;
				CLANG_WARN_EMPTY_BODY = YES;
				CLANG_WARN_ENUM_CONVERSION = YES;
				CLANG_WARN_INFINITE_RECURSION = YES;
				CLANG_WARN_INT_CONVERSION = YES;
				CLANG_WARN_NON_LITERAL_NULL_CONVERSION = YES;
				CLANG_WARN_OBJC_IMPLICIT_RETAIN_SELF = YES;
				CLANG_WARN_OBJC_LITERAL_CONVERSION = YES;
				CLANG_WARN_OBJC_ROOT_CLASS = YES_ERROR;
				CLANG_WARN_QUOTED_INCLUDE_IN_FRAMEWORK_HEADER = YES;
				CLANG_WARN_RANGE_LOOP_ANALYSIS = YES;
				CLANG_WARN_STRICT_PROTOTYPES = YES;
				CLANG_WARN_SUSPICIOUS_MOVE = YES;
				CLANG_WARN_UNGUARDED_AVAILABILITY = YES_AGGRESSIVE;
				CLANG_WARN_UNREACHABLE_CODE = YES;
				CLANG_WARN__DUPLICATE_METHOD_MATCH = YES;
				COPY_PHASE_STRIP = NO;
				DEBUG_INFORMATION_FORMAT = "dwarf-with-dsym";
				ENABLE_NS_ASSERTIONS = NO;
				ENABLE_STRICT_OBJC_MSGSEND = YES;
				GCC_C_LANGUAGE_STANDARD = gnu11;
				GCC_NO_COMMON_BLOCKS = YES;
				GCC_WARN_64_TO_32_BIT_CONVERSION = YES;
				GCC_WARN_ABOUT_RETURN_TYPE = YES_ERROR;
				GCC_WARN_UNDECLARED_SELECTOR = YES;
				GCC_WARN_UNINITIALIZED_AUTOS = YES_AGGRESSIVE;
				GCC_WARN_UNUSED_FUNCTION = YES;
				GCC_WARN_UNUSED_VARIABLE = YES;
				MTL_ENABLE_DEBUG_INFO = NO;
				MTL_FAST_MATH = YES;
				SWIFT_COMPILATION_MODE = wholemodule;
				SWIFT_OPTIMIZATION_LEVEL = "-O";
			};
			name = Release;
		};
		0D1B336628DBCD8C0020EC5B /* Debug */ = {
			isa = XCBuildConfiguration;
			buildSettings = {
				ASSETCATALOG_COMPILER_APPICON_NAME = AppIcon;
				ASSETCATALOG_COMPILER_GLOBAL_ACCENT_COLOR_NAME = AccentColor;
				CODE_SIGN_ENTITLEMENTS = teste/teste.entitlements;
				CODE_SIGN_STYLE = Automatic;
				CURRENT_PROJECT_VERSION = 1;
				DEVELOPMENT_ASSET_PATHS = "\"teste/Preview Content\"";
				ENABLE_PREVIEWS = YES;
				GENERATE_INFOPLIST_FILE = YES;
				"INFOPLIST_KEY_UIApplicationSceneManifest_Generation[sdk=iphoneos*]" = YES;
				"INFOPLIST_KEY_UIApplicationSceneManifest_Generation[sdk=iphonesimulator*]" = YES;
				"INFOPLIST_KEY_UIApplicationSupportsIndirectInputEvents[sdk=iphoneos*]" = YES;
				"INFOPLIST_KEY_UIApplicationSupportsIndirectInputEvents[sdk=iphonesimulator*]" = YES;
				"INFOPLIST_KEY_UILaunchScreen_Generation[sdk=iphoneos*]" = YES;
				"INFOPLIST_KEY_UILaunchScreen_Generation[sdk=iphonesimulator*]" = YES;
				"INFOPLIST_KEY_UIStatusBarStyle[sdk=iphoneos*]" = UIStatusBarStyleDefault;
				"INFOPLIST_KEY_UIStatusBarStyle[sdk=iphonesimulator*]" = UIStatusBarStyleDefault;
				INFOPLIST_KEY_UISupportedInterfaceOrientations_iPad = "UIInterfaceOrientationPortrait UIInterfaceOrientationPortraitUpsideDown UIInterfaceOrientationLandscapeLeft UIInterfaceOrientationLandscapeRight";
				INFOPLIST_KEY_UISupportedInterfaceOrientations_iPhone = "UIInterfaceOrientationPortrait UIInterfaceOrientationLandscapeLeft UIInterfaceOrientationLandscapeRight";
				IPHONEOS_DEPLOYMENT_TARGET = 16.0;
				LD_RUNPATH_SEARCH_PATHS = "@executable_path/Frameworks";
				"LD_RUNPATH_SEARCH_PATHS[sdk=macosx*]" = "@executable_path/../Frameworks";
				MACOSX_DEPLOYMENT_TARGET = 12.3;
				MARKETING_VERSION = 1.0;
				PRODUCT_BUNDLE_IDENTIFIER = br.com.hevertonfreitas.teste;
				PRODUCT_NAME = "$(TARGET_NAME)";
				SDKROOT = auto;
				SUPPORTED_PLATFORMS = "iphoneos iphonesimulator macosx";
				SWIFT_EMIT_LOC_STRINGS = YES;
				SWIFT_VERSION = 5.0;
				TARGETED_DEVICE_FAMILY = "1,2";
			};
			name = Debug;
		};
		0D1B336728DBCD8C0020EC5B /* Release */ = {
			isa = XCBuildConfiguration;
			buildSettings = {
				ASSETCATALOG_COMPILER_APPICON_NAME = AppIcon;
				ASSETCATALOG_COMPILER_GLOBAL_ACCENT_COLOR_NAME = AccentColor;
				CODE_SIGN_ENTITLEMENTS = teste/teste.entitlements;
				CODE_SIGN_STYLE = Automatic;
				CURRENT_PROJECT_VERSION = 1;
				DEVELOPMENT_ASSET_PATHS = "\"teste/Preview Content\"";
				ENABLE_PREVIEWS = YES;
				GENERATE_INFOPLIST_FILE = YES;
				"INFOPLIST_KEY_UIApplicationSceneManifest_Generation[sdk=iphoneos*]" = YES;
				"INFOPLIST_KEY_UIApplicationSceneManifest_Generation[sdk=iphonesimulator*]" = YES;
				"INFOPLIST_KEY_UIApplicationSupportsIndirectInputEvents[sdk=iphoneos*]" = YES;
				"INFOPLIST_KEY_UIApplicationSupportsIndirectInputEvents[sdk=iphonesimulator*]" = YES;
				"INFOPLIST_KEY_UILaunchScreen_Generation[sdk=iphoneos*]" = YES;
				"INFOPLIST_KEY_UILaunchScreen_Generation[sdk=iphonesimulator*]" = YES;
				"INFOPLIST_KEY_UIStatusBarStyle[sdk=iphoneos*]" = UIStatusBarStyleDefault;
				"INFOPLIST_KEY_UIStatusBarStyle[sdk=iphonesimulator*]" = UIStatusBarStyleDefault;
				INFOPLIST_KEY_UISupportedInterfaceOrientations_iPad = "UIInterfaceOrientationPortrait UIInterfaceOrientationPortraitUpsideDown UIInterfaceOrientationLandscapeLeft UIInterfaceOrientationLandscapeRight";
				INFOPLIST_KEY_UISupportedInterfaceOrientations_iPhone = "UIInterfaceOrientationPortrait UIInterfaceOrientationLandscapeLeft UIInterfaceOrientationLandscapeRight";
				IPHONEOS_DEPLOYMENT_TARGET = 16.0;
				LD_RUNPATH_SEARCH_PATHS = "@executable_path/Frameworks";
				"LD_RUNPATH_SEARCH_PATHS[sdk=macosx*]" = "@executable_path/../Frameworks";
				MACOSX_DEPLOYMENT_TARGET = 12.3;
				MARKETING_VERSION = 1.0;
				PRODUCT_BUNDLE_IDENTIFIER = br.com.hevertonfreitas.teste;
				PRODUCT_NAME = "$(TARGET_NAME)";
				SDKROOT = auto;
				SUPPORTED_PLATFORMS = "iphoneos iphonesimulator macosx";
				SWIFT_EMIT_LOC_STRINGS = YES;
				SWIFT_VERSION = 5.0;
				TARGETED_DEVICE_FAMILY = "1,2";
			};
			name = Release;
		};
		0D1B336928DBCD8C0020EC5B /* Debug */ = {
			isa = XCBuildConfiguration;
			buildSettings = {
				ALWAYS_EMBED_SWIFT_STANDARD_LIBRARIES = YES;
				BUNDLE_LOADER = "$(TEST_HOST)";
				CODE_SIGN_STYLE = Automatic;
				CURRENT_PROJECT_VERSION = 1;
				GENERATE_INFOPLIST_FILE = YES;
				IPHONEOS_DEPLOYMENT_TARGET = 16.0;
				MACOSX_DEPLOYMENT_TARGET = 12.3;
				MARKETING_VERSION = 1.0;
				PRODUCT_BUNDLE_IDENTIFIER = br.com.hevertonfreitas.testeTests;
				PRODUCT_NAME = "$(TARGET_NAME)";
				SDKROOT = auto;
				SUPPORTED_PLATFORMS = "iphoneos iphonesimulator macosx";
				SWIFT_EMIT_LOC_STRINGS = NO;
				SWIFT_VERSION = 5.0;
				TARGETED_DEVICE_FAMILY = "1,2";
				TEST_HOST = "$(BUILT_PRODUCTS_DIR)/teste.app/$(BUNDLE_EXECUTABLE_FOLDER_PATH)/teste";
			};
			name = Debug;
		};
		0D1B336A28DBCD8C0020EC5B /* Release */ = {
			isa = XCBuildConfiguration;
			buildSettings = {
				ALWAYS_EMBED_SWIFT_STANDARD_LIBRARIES = YES;
				BUNDLE_LOADER = "$(TEST_HOST)";
				CODE_SIGN_STYLE = Automatic;
				CURRENT_PROJECT_VERSION = 1;
				GENERATE_INFOPLIST_FILE = YES;
				IPHONEOS_DEPLOYMENT_TARGET = 16.0;
				MACOSX_DEPLOYMENT_TARGET = 12.3;
				MARKETING_VERSION = 1.0;
				PRODUCT_BUNDLE_IDENTIFIER = br.com.hevertonfreitas.testeTests;
				PRODUCT_NAME = "$(TARGET_NAME)";
				SDKROOT = auto;
				SUPPORTED_PLATFORMS = "iphoneos iphonesimulator macosx";
				SWIFT_EMIT_LOC_STRINGS = NO;
				SWIFT_VERSION = 5.0;
				TARGETED_DEVICE_FAMILY = "1,2";
				TEST_HOST = "$(BUILT_PRODUCTS_DIR)/teste.app/$(BUNDLE_EXECUTABLE_FOLDER_PATH)/teste";
			};
			name = Release;
		};
		0D1B336C28DBCD8C0020EC5B /* Debug */ = {
			isa = XCBuildConfiguration;
			buildSettings = {
				ALWAYS_EMBED_SWIFT_STANDARD_LIBRARIES = YES;
				CODE_SIGN_STYLE = Automatic;
				CURRENT_PROJECT_VERSION = 1;
				GENERATE_INFOPLIST_FILE = YES;
				IPHONEOS_DEPLOYMENT_TARGET = 16.0;
				MACOSX_DEPLOYMENT_TARGET = 12.3;
				MARKETING_VERSION = 1.0;
				PRODUCT_BUNDLE_IDENTIFIER = br.com.hevertonfreitas.testeUITests;
				PRODUCT_NAME = "$(TARGET_NAME)";
				SDKROOT = auto;
				SUPPORTED_PLATFORMS = "iphoneos iphonesimulator macosx";
				SWIFT_EMIT_LOC_STRINGS = NO;
				SWIFT_VERSION = 5.0;
				TARGETED_DEVICE_FAMILY = "1,2";
				TEST_TARGET_NAME = teste;
			};
			name = Debug;
		};
		0D1B336D28DBCD8C0020EC5B /* Release */ = {
			isa = XCBuildConfiguration;
			buildSettings = {
				ALWAYS_EMBED_SWIFT_STANDARD_LIBRARIES = YES;
				CODE_SIGN_STYLE = Automatic;
				CURRENT_PROJECT_VERSION = 1;
				GENERATE_INFOPLIST_FILE = YES;
				IPHONEOS_DEPLOYMENT_TARGET = 16.0;
				MACOSX_DEPLOYMENT_TARGET = 12.3;
				MARKETING_VERSION = 1.0;
				PRODUCT_BUNDLE_IDENTIFIER = br.com.hevertonfreitas.testeUITests;
				PRODUCT_NAME = "$(TARGET_NAME)";
				SDKROOT = auto;
				SUPPORTED_PLATFORMS = "iphoneos iphonesimulator macosx";
				SWIFT_EMIT_LOC_STRINGS = NO;
				SWIFT_VERSION = 5.0;
				TARGETED_DEVICE_FAMILY = "1,2";
				TEST_TARGET_NAME = teste;
			};
			name = Release;
		};
/* End XCBuildConfiguration section */

/* Begin XCConfigurationList section */
		0D1B333B28DBCD8B0020EC5B /* Build configuration list for PBXProject "teste" */ = {
			isa = XCConfigurationList;
			buildConfigurations = (
				0D1B336328DBCD8C0020EC5B /* Debug */,
				0D1B336428DBCD8C0020EC5B /* Release */,
			);
			defaultConfigurationIsVisible = 0;
			defaultConfigurationName = Release;
		};
		0D1B336528DBCD8C0020EC5B /* Build configuration list for PBXNativeTarget "teste" */ = {
			isa = XCConfigurationList;
			buildConfigurations = (
				0D1B336628DBCD8C0020EC5B /* Debug */,
				0D1B336728DBCD8C0020EC5B /* Release */,
			);
			defaultConfigurationIsVisible = 0;
			defaultConfigurationName = Release;
		};
		0D1B336828DBCD8C0020EC5B /* Build configuration list for PBXNativeTarget "testeTests" */ = {
			isa = XCConfigurationList;
			buildConfigurations = (
				0D1B336928DBCD8C0020EC5B /* Debug */,
				0D1B336A28DBCD8C0020EC5B /* Release */,
			);
			defaultConfigurationIsVisible = 0;
			defaultConfigurationName = Release;
		};
		0D1B336B28DBCD8C0020EC5B /* Build configuration list for PBXNativeTarget "testeUITests" */ = {
			isa = XCConfigurationList;
			buildConfigurations = (
				0D1B336C28DBCD8C0020EC5B /* Debug */,
				0D1B336D28DBCD8C0020EC5B /* Release */,
			);
			defaultConfigurationIsVisible = 0;
			defaultConfigurationName = Release;
		};
/* End XCConfigurationList section */
	};
	rootObject = 0D1B333828DBCD8B0020EC5B /* Project object */;
}
